// !$*UTF8*$!
{
	archiveVersion = 1;
	classes = {
	};
	objectVersion = 52;
	objects = {

/* Begin PBXBuildFile section */
		019A85D52515FD9800A1BB1A /* CharacterCellView.swift in Sources */ = {isa = PBXBuildFile; fileRef = 019A85D42515FD9800A1BB1A /* CharacterCellView.swift */; };
		019FD9A12515FFE200222459 /* CharacterListViewModel.swift in Sources */ = {isa = PBXBuildFile; fileRef = 019FD9A02515FFE200222459 /* CharacterListViewModel.swift */; };
		019FD9A32516091F00222459 /* Dynamic.swift in Sources */ = {isa = PBXBuildFile; fileRef = 019FD9A22516091F00222459 /* Dynamic.swift */; };
		01A787922515F03A00210B1A /* AppDelegate.swift in Sources */ = {isa = PBXBuildFile; fileRef = 01A787912515F03A00210B1A /* AppDelegate.swift */; };
		01A787962515F03A00210B1A /* CharacterListViewController.swift in Sources */ = {isa = PBXBuildFile; fileRef = 01A787952515F03A00210B1A /* CharacterListViewController.swift */; };
		01A7879B2515F03B00210B1A /* Assets.xcassets in Resources */ = {isa = PBXBuildFile; fileRef = 01A7879A2515F03B00210B1A /* Assets.xcassets */; };
		01A7879E2515F03B00210B1A /* LaunchScreen.storyboard in Resources */ = {isa = PBXBuildFile; fileRef = 01A7879C2515F03B00210B1A /* LaunchScreen.storyboard */; };
		01A787A72515F0AC00210B1A /* HarryPotterApiClientInterface.swift in Sources */ = {isa = PBXBuildFile; fileRef = 01A787A62515F0AC00210B1A /* HarryPotterApiClientInterface.swift */; };
		01A787AA2515F15B00210B1A /* PromiseKit in Frameworks */ = {isa = PBXBuildFile; productRef = 01A787A92515F15B00210B1A /* PromiseKit */; };
		01A787AC2515F1EC00210B1A /* HarryPotterApiClient.swift in Sources */ = {isa = PBXBuildFile; fileRef = 01A787AB2515F1EC00210B1A /* HarryPotterApiClient.swift */; };
		01A787AF2515F22D00210B1A /* Character.swift in Sources */ = {isa = PBXBuildFile; fileRef = 01A787AE2515F22D00210B1A /* Character.swift */; };
		01A787B22515F33600210B1A /* Alamofire in Frameworks */ = {isa = PBXBuildFile; productRef = 01A787B12515F33600210B1A /* Alamofire */; };
		01A787B42515F40600210B1A /* Character+Decodable.swift in Sources */ = {isa = PBXBuildFile; fileRef = 01A787B32515F40600210B1A /* Character+Decodable.swift */; };
		01A787B72515F87200210B1A /* Http.swift in Sources */ = {isa = PBXBuildFile; fileRef = 01A787B62515F87200210B1A /* Http.swift */; };
/* End PBXBuildFile section */

/* Begin PBXFileReference section */
		019A85D42515FD9800A1BB1A /* CharacterCellView.swift */ = {isa = PBXFileReference; lastKnownFileType = sourcecode.swift; path = CharacterCellView.swift; sourceTree = "<group>"; };
		019FD9A02515FFE200222459 /* CharacterListViewModel.swift */ = {isa = PBXFileReference; lastKnownFileType = sourcecode.swift; path = CharacterListViewModel.swift; sourceTree = "<group>"; };
		019FD9A22516091F00222459 /* Dynamic.swift */ = {isa = PBXFileReference; lastKnownFileType = sourcecode.swift; path = Dynamic.swift; sourceTree = "<group>"; };
		01A7878E2515F03A00210B1A /* HarryPotterApp.app */ = {isa = PBXFileReference; explicitFileType = wrapper.application; includeInIndex = 0; path = HarryPotterApp.app; sourceTree = BUILT_PRODUCTS_DIR; };
		01A787912515F03A00210B1A /* AppDelegate.swift */ = {isa = PBXFileReference; lastKnownFileType = sourcecode.swift; path = AppDelegate.swift; sourceTree = "<group>"; };
		01A787952515F03A00210B1A /* CharacterListViewController.swift */ = {isa = PBXFileReference; lastKnownFileType = sourcecode.swift; path = CharacterListViewController.swift; sourceTree = "<group>"; };
		01A7879A2515F03B00210B1A /* Assets.xcassets */ = {isa = PBXFileReference; lastKnownFileType = folder.assetcatalog; path = Assets.xcassets; sourceTree = "<group>"; };
		01A7879D2515F03B00210B1A /* Base */ = {isa = PBXFileReference; lastKnownFileType = file.storyboard; name = Base; path = Base.lproj/LaunchScreen.storyboard; sourceTree = "<group>"; };
		01A7879F2515F03B00210B1A /* Info.plist */ = {isa = PBXFileReference; lastKnownFileType = text.plist.xml; path = Info.plist; sourceTree = "<group>"; };
		01A787A62515F0AC00210B1A /* HarryPotterApiClientInterface.swift */ = {isa = PBXFileReference; lastKnownFileType = sourcecode.swift; path = HarryPotterApiClientInterface.swift; sourceTree = "<group>"; };
		01A787AB2515F1EC00210B1A /* HarryPotterApiClient.swift */ = {isa = PBXFileReference; lastKnownFileType = sourcecode.swift; path = HarryPotterApiClient.swift; sourceTree = "<group>"; };
		01A787AE2515F22D00210B1A /* Character.swift */ = {isa = PBXFileReference; lastKnownFileType = sourcecode.swift; path = Character.swift; sourceTree = "<group>"; };
		01A787B32515F40600210B1A /* Character+Decodable.swift */ = {isa = PBXFileReference; lastKnownFileType = sourcecode.swift; path = "Character+Decodable.swift"; sourceTree = "<group>"; };
		01A787B62515F87200210B1A /* Http.swift */ = {isa = PBXFileReference; lastKnownFileType = sourcecode.swift; path = Http.swift; sourceTree = "<group>"; };
/* End PBXFileReference section */

/* Begin PBXFrameworksBuildPhase section */
		01A7878B2515F03A00210B1A /* Frameworks */ = {
			isa = PBXFrameworksBuildPhase;
			buildActionMask = 2147483647;
			files = (
				01A787AA2515F15B00210B1A /* PromiseKit in Frameworks */,
				01A787B22515F33600210B1A /* Alamofire in Frameworks */,
			);
			runOnlyForDeploymentPostprocessing = 0;
		};
/* End PBXFrameworksBuildPhase section */

/* Begin PBXGroup section */
		019FD9A4251612DE00222459 /* Modules */ = {
			isa = PBXGroup;
			children = (
				019FD9A72516134F00222459 /* Common */,
				019FD9A5251612E600222459 /* CharacterList */,
				019FD9A6251612F000222459 /* CharacterDetail */,
			);
			path = Modules;
			sourceTree = "<group>";
		};
		019FD9A5251612E600222459 /* CharacterList */ = {
			isa = PBXGroup;
			children = (
				01A787B82515F8B400210B1A /* ViewModel */,
				01A787BC2515FBAE00210B1A /* View */,
			);
			path = CharacterList;
			sourceTree = "<group>";
		};
		019FD9A6251612F000222459 /* CharacterDetail */ = {
			isa = PBXGroup;
			children = (
			);
			path = CharacterDetail;
			sourceTree = "<group>";
		};
		019FD9A72516134F00222459 /* Common */ = {
			isa = PBXGroup;
			children = (
				019FD9A22516091F00222459 /* Dynamic.swift */,
			);
			path = Common;
			sourceTree = "<group>";
		};
		01A787852515F03A00210B1A = {
			isa = PBXGroup;
			children = (
				01A787902515F03A00210B1A /* HarryPotterApp */,
				01A7878F2515F03A00210B1A /* Products */,
			);
			sourceTree = "<group>";
		};
		01A7878F2515F03A00210B1A /* Products */ = {
			isa = PBXGroup;
			children = (
				01A7878E2515F03A00210B1A /* HarryPotterApp.app */,
			);
			name = Products;
			sourceTree = "<group>";
		};
		01A787902515F03A00210B1A /* HarryPotterApp */ = {
			isa = PBXGroup;
			children = (
				01A787A52515F08200210B1A /* Networking */,
				01A787AD2515F21000210B1A /* Model */,
				019FD9A4251612DE00222459 /* Modules */,
				01A787912515F03A00210B1A /* AppDelegate.swift */,
				01A7879A2515F03B00210B1A /* Assets.xcassets */,
				01A7879C2515F03B00210B1A /* LaunchScreen.storyboard */,
				01A7879F2515F03B00210B1A /* Info.plist */,
			);
			path = HarryPotterApp;
			sourceTree = "<group>";
		};
		01A787A52515F08200210B1A /* Networking */ = {
			isa = PBXGroup;
			children = (
				01A787B32515F40600210B1A /* Character+Decodable.swift */,
				01A787B62515F87200210B1A /* Http.swift */,
				01A787A62515F0AC00210B1A /* HarryPotterApiClientInterface.swift */,
				01A787AB2515F1EC00210B1A /* HarryPotterApiClient.swift */,
			);
			path = Networking;
			sourceTree = "<group>";
		};
		01A787AD2515F21000210B1A /* Model */ = {
			isa = PBXGroup;
			children = (
				01A787AE2515F22D00210B1A /* Character.swift */,
			);
			path = Model;
			sourceTree = "<group>";
		};
		01A787B82515F8B400210B1A /* ViewModel */ = {
			isa = PBXGroup;
			children = (
				019FD9A02515FFE200222459 /* CharacterListViewModel.swift */,
			);
			path = ViewModel;
			sourceTree = "<group>";
		};
		01A787BC2515FBAE00210B1A /* View */ = {
			isa = PBXGroup;
			children = (
				01A787952515F03A00210B1A /* CharacterListViewController.swift */,
				019A85D42515FD9800A1BB1A /* CharacterCellView.swift */,
			);
			path = View;
			sourceTree = "<group>";
		};
/* End PBXGroup section */

/* Begin PBXNativeTarget section */
		01A7878D2515F03A00210B1A /* HarryPotterApp */ = {
			isa = PBXNativeTarget;
			buildConfigurationList = 01A787A22515F03B00210B1A /* Build configuration list for PBXNativeTarget "HarryPotterApp" */;
			buildPhases = (
				01A7878A2515F03A00210B1A /* Sources */,
				01A7878B2515F03A00210B1A /* Frameworks */,
				01A7878C2515F03A00210B1A /* Resources */,
				01A787B52515F74A00210B1A /* Linter */,
			);
			buildRules = (
			);
			dependencies = (
			);
			name = HarryPotterApp;
			packageProductDependencies = (
				01A787A92515F15B00210B1A /* PromiseKit */,
				01A787B12515F33600210B1A /* Alamofire */,
			);
			productName = HarryPotterApp;
			productReference = 01A7878E2515F03A00210B1A /* HarryPotterApp.app */;
			productType = "com.apple.product-type.application";
		};
/* End PBXNativeTarget section */

/* Begin PBXProject section */
		01A787862515F03A00210B1A /* Project object */ = {
			isa = PBXProject;
			attributes = {
				LastSwiftUpdateCheck = 1130;
				LastUpgradeCheck = 1130;
				ORGANIZATIONNAME = "Adriana Pineda";
				TargetAttributes = {
					01A7878D2515F03A00210B1A = {
						CreatedOnToolsVersion = 11.3;
					};
				};
			};
			buildConfigurationList = 01A787892515F03A00210B1A /* Build configuration list for PBXProject "HarryPotterApp" */;
			compatibilityVersion = "Xcode 9.3";
			developmentRegion = en;
			hasScannedForEncodings = 0;
			knownRegions = (
				en,
				Base,
			);
			mainGroup = 01A787852515F03A00210B1A;
			packageReferences = (
				01A787A82515F15B00210B1A /* XCRemoteSwiftPackageReference "PromiseKit" */,
				01A787B02515F33600210B1A /* XCRemoteSwiftPackageReference "Alamofire" */,
			);
			productRefGroup = 01A7878F2515F03A00210B1A /* Products */;
			projectDirPath = "";
			projectRoot = "";
			targets = (
				01A7878D2515F03A00210B1A /* HarryPotterApp */,
			);
		};
/* End PBXProject section */

/* Begin PBXResourcesBuildPhase section */
		01A7878C2515F03A00210B1A /* Resources */ = {
			isa = PBXResourcesBuildPhase;
			buildActionMask = 2147483647;
			files = (
				01A7879E2515F03B00210B1A /* LaunchScreen.storyboard in Resources */,
				01A7879B2515F03B00210B1A /* Assets.xcassets in Resources */,
			);
			runOnlyForDeploymentPostprocessing = 0;
		};
/* End PBXResourcesBuildPhase section */

/* Begin PBXShellScriptBuildPhase section */
		01A787B52515F74A00210B1A /* Linter */ = {
			isa = PBXShellScriptBuildPhase;
			buildActionMask = 2147483647;
			files = (
			);
			inputFileListPaths = (
			);
			inputPaths = (
			);
			name = Linter;
			outputFileListPaths = (
			);
			outputPaths = (
			);
			runOnlyForDeploymentPostprocessing = 0;
			shellPath = /bin/sh;
			shellScript = "if which swiftformat >/dev/null && which swiftlint >/dev/null; then\n  swiftformat --config .swiftformat . \n  swiftlint --config .swiftlint.yml\nelse\n  echo \"warning: SwiftFormat or SwiftLint not installed, download from https://github.com/nicklockwood/SwiftFormat or https://github.com/realm/SwiftLint\"\nfi\n";
		};
/* End PBXShellScriptBuildPhase section */

/* Begin PBXSourcesBuildPhase section */
		01A7878A2515F03A00210B1A /* Sources */ = {
			isa = PBXSourcesBuildPhase;
			buildActionMask = 2147483647;
			files = (
				019FD9A12515FFE200222459 /* CharacterListViewModel.swift in Sources */,
				019FD9A32516091F00222459 /* Dynamic.swift in Sources */,
				01A787962515F03A00210B1A /* CharacterListViewController.swift in Sources */,
				01A787AC2515F1EC00210B1A /* HarryPotterApiClient.swift in Sources */,
				019A85D52515FD9800A1BB1A /* CharacterCellView.swift in Sources */,
				01A787922515F03A00210B1A /* AppDelegate.swift in Sources */,
				01A787AF2515F22D00210B1A /* Character.swift in Sources */,
				01A787B72515F87200210B1A /* Http.swift in Sources */,
				01A787B42515F40600210B1A /* Character+Decodable.swift in Sources */,
				01A787A72515F0AC00210B1A /* HarryPotterApiClientInterface.swift in Sources */,
			);
			runOnlyForDeploymentPostprocessing = 0;
		};
/* End PBXSourcesBuildPhase section */

/* Begin PBXVariantGroup section */
		01A7879C2515F03B00210B1A /* LaunchScreen.storyboard */ = {
			isa = PBXVariantGroup;
			children = (
				01A7879D2515F03B00210B1A /* Base */,
			);
			name = LaunchScreen.storyboard;
			sourceTree = "<group>";
		};
/* End PBXVariantGroup section */

/* Begin XCBuildConfiguration section */
		01A787A02515F03B00210B1A /* Debug */ = {
			isa = XCBuildConfiguration;
			buildSettings = {
				ALWAYS_SEARCH_USER_PATHS = NO;
				CLANG_ANALYZER_NONNULL = YES;
				CLANG_ANALYZER_NUMBER_OBJECT_CONVERSION = YES_AGGRESSIVE;
				CLANG_CXX_LANGUAGE_STANDARD = "gnu++14";
				CLANG_CXX_LIBRARY = "libc++";
				CLANG_ENABLE_MODULES = YES;
				CLANG_ENABLE_OBJC_ARC = YES;
				CLANG_ENABLE_OBJC_WEAK = YES;
				CLANG_WARN_BLOCK_CAPTURE_AUTORELEASING = YES;
				CLANG_WARN_BOOL_CONVERSION = YES;
				CLANG_WARN_COMMA = YES;
				CLANG_WARN_CONSTANT_CONVERSION = YES;
				CLANG_WARN_DEPRECATED_OBJC_IMPLEMENTATIONS = YES;
				CLANG_WARN_DIRECT_OBJC_ISA_USAGE = YES_ERROR;
				CLANG_WARN_DOCUMENTATION_COMMENTS = YES;
				CLANG_WARN_EMPTY_BODY = YES;
				CLANG_WARN_ENUM_CONVERSION = YES;
				CLANG_WARN_INFINITE_RECURSION = YES;
				CLANG_WARN_INT_CONVERSION = YES;
				CLANG_WARN_NON_LITERAL_NULL_CONVERSION = YES;
				CLANG_WARN_OBJC_IMPLICIT_RETAIN_SELF = YES;
				CLANG_WARN_OBJC_LITERAL_CONVERSION = YES;
				CLANG_WARN_OBJC_ROOT_CLASS = YES_ERROR;
				CLANG_WARN_RANGE_LOOP_ANALYSIS = YES;
				CLANG_WARN_STRICT_PROTOTYPES = YES;
				CLANG_WARN_SUSPICIOUS_MOVE = YES;
				CLANG_WARN_UNGUARDED_AVAILABILITY = YES_AGGRESSIVE;
				CLANG_WARN_UNREACHABLE_CODE = YES;
				CLANG_WARN__DUPLICATE_METHOD_MATCH = YES;
				COPY_PHASE_STRIP = NO;
				DEBUG_INFORMATION_FORMAT = dwarf;
				ENABLE_STRICT_OBJC_MSGSEND = YES;
				ENABLE_TESTABILITY = YES;
				GCC_C_LANGUAGE_STANDARD = gnu11;
				GCC_DYNAMIC_NO_PIC = NO;
				GCC_NO_COMMON_BLOCKS = YES;
				GCC_OPTIMIZATION_LEVEL = 0;
				GCC_PREPROCESSOR_DEFINITIONS = (
					"DEBUG=1",
					"$(inherited)",
				);
				GCC_WARN_64_TO_32_BIT_CONVERSION = YES;
				GCC_WARN_ABOUT_RETURN_TYPE = YES_ERROR;
				GCC_WARN_UNDECLARED_SELECTOR = YES;
				GCC_WARN_UNINITIALIZED_AUTOS = YES_AGGRESSIVE;
				GCC_WARN_UNUSED_FUNCTION = YES;
				GCC_WARN_UNUSED_VARIABLE = YES;
				IPHONEOS_DEPLOYMENT_TARGET = 13.0;
				MTL_ENABLE_DEBUG_INFO = INCLUDE_SOURCE;
				MTL_FAST_MATH = YES;
				ONLY_ACTIVE_ARCH = YES;
				SDKROOT = iphoneos;
				SWIFT_ACTIVE_COMPILATION_CONDITIONS = DEBUG;
				SWIFT_OPTIMIZATION_LEVEL = "-Onone";
			};
			name = Debug;
		};
		01A787A12515F03B00210B1A /* Release */ = {
			isa = XCBuildConfiguration;
			buildSettings = {
				ALWAYS_SEARCH_USER_PATHS = NO;
				CLANG_ANALYZER_NONNULL = YES;
				CLANG_ANALYZER_NUMBER_OBJECT_CONVERSION = YES_AGGRESSIVE;
				CLANG_CXX_LANGUAGE_STANDARD = "gnu++14";
				CLANG_CXX_LIBRARY = "libc++";
				CLANG_ENABLE_MODULES = YES;
				CLANG_ENABLE_OBJC_ARC = YES;
				CLANG_ENABLE_OBJC_WEAK = YES;
				CLANG_WARN_BLOCK_CAPTURE_AUTORELEASING = YES;
				CLANG_WARN_BOOL_CONVERSION = YES;
				CLANG_WARN_COMMA = YES;
				CLANG_WARN_CONSTANT_CONVERSION = YES;
				CLANG_WARN_DEPRECATED_OBJC_IMPLEMENTATIONS = YES;
				CLANG_WARN_DIRECT_OBJC_ISA_USAGE = YES_ERROR;
				CLANG_WARN_DOCUMENTATION_COMMENTS = YES;
				CLANG_WARN_EMPTY_BODY = YES;
				CLANG_WARN_ENUM_CONVERSION = YES;
				CLANG_WARN_INFINITE_RECURSION = YES;
				CLANG_WARN_INT_CONVERSION = YES;
				CLANG_WARN_NON_LITERAL_NULL_CONVERSION = YES;
				CLANG_WARN_OBJC_IMPLICIT_RETAIN_SELF = YES;
				CLANG_WARN_OBJC_LITERAL_CONVERSION = YES;
				CLANG_WARN_OBJC_ROOT_CLASS = YES_ERROR;
				CLANG_WARN_RANGE_LOOP_ANALYSIS = YES;
				CLANG_WARN_STRICT_PROTOTYPES = YES;
				CLANG_WARN_SUSPICIOUS_MOVE = YES;
				CLANG_WARN_UNGUARDED_AVAILABILITY = YES_AGGRESSIVE;
				CLANG_WARN_UNREACHABLE_CODE = YES;
				CLANG_WARN__DUPLICATE_METHOD_MATCH = YES;
				COPY_PHASE_STRIP = NO;
				DEBUG_INFORMATION_FORMAT = "dwarf-with-dsym";
				ENABLE_NS_ASSERTIONS = NO;
				ENABLE_STRICT_OBJC_MSGSEND = YES;
				GCC_C_LANGUAGE_STANDARD = gnu11;
				GCC_NO_COMMON_BLOCKS = YES;
				GCC_WARN_64_TO_32_BIT_CONVERSION = YES;
				GCC_WARN_ABOUT_RETURN_TYPE = YES_ERROR;
				GCC_WARN_UNDECLARED_SELECTOR = YES;
				GCC_WARN_UNINITIALIZED_AUTOS = YES_AGGRESSIVE;
				GCC_WARN_UNUSED_FUNCTION = YES;
				GCC_WARN_UNUSED_VARIABLE = YES;
				IPHONEOS_DEPLOYMENT_TARGET = 13.0;
				MTL_ENABLE_DEBUG_INFO = NO;
				MTL_FAST_MATH = YES;
				SDKROOT = iphoneos;
				SWIFT_COMPILATION_MODE = wholemodule;
				SWIFT_OPTIMIZATION_LEVEL = "-O";
				VALIDATE_PRODUCT = YES;
			};
			name = Release;
		};
		01A787A32515F03B00210B1A /* Debug */ = {
			isa = XCBuildConfiguration;
			buildSettings = {
				ASSETCATALOG_COMPILER_APPICON_NAME = AppIcon;
				CODE_SIGN_STYLE = Automatic;
				INFOPLIST_FILE = HarryPotterApp/Info.plist;
				LD_RUNPATH_SEARCH_PATHS = (
					"$(inherited)",
					"@executable_path/Frameworks",
				);
				PRODUCT_BUNDLE_IDENTIFIER = pineda.adriana.HarryPotterApp;
				PRODUCT_NAME = "$(TARGET_NAME)";
				SWIFT_VERSION = 5.0;
				TARGETED_DEVICE_FAMILY = "1,2";
			};
			name = Debug;
		};
		01A787A42515F03B00210B1A /* Release */ = {
			isa = XCBuildConfiguration;
			buildSettings = {
				ASSETCATALOG_COMPILER_APPICON_NAME = AppIcon;
				CODE_SIGN_STYLE = Automatic;
				INFOPLIST_FILE = HarryPotterApp/Info.plist;
				LD_RUNPATH_SEARCH_PATHS = (
					"$(inherited)",
					"@executable_path/Frameworks",
				);
				PRODUCT_BUNDLE_IDENTIFIER = pineda.adriana.HarryPotterApp;
				PRODUCT_NAME = "$(TARGET_NAME)";
				SWIFT_VERSION = 5.0;
				TARGETED_DEVICE_FAMILY = "1,2";
			};
			name = Release;
		};
/* End XCBuildConfiguration section */

/* Begin XCConfigurationList section */
		01A787892515F03A00210B1A /* Build configuration list for PBXProject "HarryPotterApp" */ = {
			isa = XCConfigurationList;
			buildConfigurations = (
				01A787A02515F03B00210B1A /* Debug */,
				01A787A12515F03B00210B1A /* Release */,
			);
			defaultConfigurationIsVisible = 0;
			defaultConfigurationName = Release;
		};
		01A787A22515F03B00210B1A /* Build configuration list for PBXNativeTarget "HarryPotterApp" */ = {
			isa = XCConfigurationList;
			buildConfigurations = (
				01A787A32515F03B00210B1A /* Debug */,
				01A787A42515F03B00210B1A /* Release */,
			);
			defaultConfigurationIsVisible = 0;
			defaultConfigurationName = Release;
		};
/* End XCConfigurationList section */

/* Begin XCRemoteSwiftPackageReference section */
		01A787A82515F15B00210B1A /* XCRemoteSwiftPackageReference "PromiseKit" */ = {
			isa = XCRemoteSwiftPackageReference;
			repositoryURL = "https://github.com/mxcl/PromiseKit";
			requirement = {
				kind = upToNextMajorVersion;
				minimumVersion = 6.13.3;
			};
		};
		01A787B02515F33600210B1A /* XCRemoteSwiftPackageReference "Alamofire" */ = {
			isa = XCRemoteSwiftPackageReference;
			repositoryURL = "https://github.com/Alamofire/Alamofire";
			requirement = {
				kind = upToNextMajorVersion;
				minimumVersion = 5.2.2;
			};
		};
/* End XCRemoteSwiftPackageReference section */

/* Begin XCSwiftPackageProductDependency section */
		01A787A92515F15B00210B1A /* PromiseKit */ = {
			isa = XCSwiftPackageProductDependency;
			package = 01A787A82515F15B00210B1A /* XCRemoteSwiftPackageReference "PromiseKit" */;
			productName = PromiseKit;
		};
		01A787B12515F33600210B1A /* Alamofire */ = {
			isa = XCSwiftPackageProductDependency;
			package = 01A787B02515F33600210B1A /* XCRemoteSwiftPackageReference "Alamofire" */;
			productName = Alamofire;
		};
/* End XCSwiftPackageProductDependency section */
	};
	rootObject = 01A787862515F03A00210B1A /* Project object */;
}
